schema: '2.0'
stages:
  load_data:
    cmd: python src/load_data.py
    deps:
    - path: src/load_data.py
      hash: md5
      md5: b1cc18baea1257f3fbfb0aa9c771ed42
      size: 227
    outs:
    - path: output/data.pkl
      hash: md5
      md5: 35353c71da0985eed8bb507bbc53bd91
      size: 54950285
  train:
    cmd: python src/train.py
    deps:
    - path: output/data.pkl
      hash: md5
      md5: 35353c71da0985eed8bb507bbc53bd91
      size: 54950285
    - path: src/train.py
      hash: md5
      md5: bc569a7cd1e1aa6f4b999c560e88b9b1
      size: 3331
    params:
      params.yaml:
        train.batch_size: 128
        train.dropout: 0.4
        train.hidden_units: 64
        train.lr: 0.001
        train.num_epochs: 3
    outs:
    - path: dvclive/metrics.json
      hash: md5
      md5: f333ec92e308f1eabe956a1d2035bcca
      size: 54
    - path: dvclive/plots/metrics/accuracy.tsv
      hash: md5
      md5: 7c55e67f0a700c2a8ff77aaed72e333e
      size: 77
    - path: output/myfmmodel.keras
      hash: md5
      md5: f166c32cc38f0f0149b2297d587ac1d7
      size: 3681312
    - path: output/myfmmodel.tar.gz
      hash: md5
      md5: 2011f9f1149e31deaa03cdd6d232e601
      size: 3370665
    - path: output/train_logs.csv
      hash: md5
      md5: c8742ae62ffe16182005685e40143d31
      size: 141
  evaluate:
    cmd: python src/evaluate.py
    deps:
    - path: output/data.pkl
      hash: md5
      md5: 35353c71da0985eed8bb507bbc53bd91
      size: 54950285
    - path: output/myfmmodel.keras
      hash: md5
      md5: f166c32cc38f0f0149b2297d587ac1d7
      size: 3681312
    - path: src/evaluate.py
      hash: md5
      md5: d55658c1947e760905f8784a695033b4
      size: 2983
    outs:
    - path: output/metrics.json
      hash: md5
      md5: 7a95efb89e8b4657e918ac5aa2cce06a
      size: 61
    - path: output/predictions.json
      hash: md5
      md5: 804c0ad836b5c7c3911c84a894b77057
      size: 310000
    - path: output/test/samples_of_mispredicted_images/
      hash: md5
      md5: 4da4863bf04c540c759a2ca05d608996.dir
      size: 178525
      nfiles: 10
