schema: '2.0'
stages:
  load_data:
    cmd: python src/load_data.py
    deps:
    - path: src/load_data.py
      hash: md5
      md5: b1cc18baea1257f3fbfb0aa9c771ed42
      size: 227
    outs:
    - path: output/data.pkl
      hash: md5
      md5: 35353c71da0985eed8bb507bbc53bd91
      size: 54950285
  train:
    cmd: python src/train.py
    deps:
    - path: output/data.pkl
      hash: md5
      md5: 35353c71da0985eed8bb507bbc53bd91
      size: 54950285
    - path: src/train.py
      hash: md5
      md5: bc569a7cd1e1aa6f4b999c560e88b9b1
      size: 3331
    params:
      params.yaml:
        train.batch_size: 128
        train.dropout: 0.4
        train.hidden_units: 64
        train.lr: 0.01
        train.num_epochs: 3
    outs:
    - path: dvclive/metrics.json
      hash: md5
      md5: 31cc0993ba81299066f4772d8a8110c9
      size: 54
    - path: dvclive/plots/metrics/accuracy.tsv
      hash: md5
      md5: b893e7d4d90fc6fe4604dff60389a31a
      size: 77
    - path: output/myfmmodel.keras
      hash: md5
      md5: 5e2f87f6d110a7b03d5e86c3b1806db2
      size: 3681312
    - path: output/myfmmodel.tar.gz
      hash: md5
      md5: caa07d283122c97b384c50210bf27f05
      size: 3409090
    - path: output/train_logs.csv
      hash: md5
      md5: 5eb659608ca53cc11037b7ca481580c3
      size: 142
  evaluate:
    cmd: python src/evaluate.py
    deps:
    - path: output/data.pkl
      hash: md5
      md5: 35353c71da0985eed8bb507bbc53bd91
      size: 54950285
    - path: output/myfmmodel.keras
      hash: md5
      md5: 5e2f87f6d110a7b03d5e86c3b1806db2
      size: 3681312
    - path: src/evaluate.py
      hash: md5
      md5: d55658c1947e760905f8784a695033b4
      size: 2983
    outs:
    - path: output/metrics.json
      hash: md5
      md5: fd254a13dcf6c6dbe2c579c6d74e448f
      size: 61
    - path: output/predictions.json
      hash: md5
      md5: 409f462161cb9c65e4f795600bdf5883
      size: 310000
    - path: output/test/samples_of_mispredicted_images/
      hash: md5
      md5: 4e9252182a91858cf180208006511d21.dir
      size: 176115
      nfiles: 10
